
Microsoft Visual Studio Solution File, Format Version 12.00
# Visual Studio 15
VisualStudioVersion = 15.0.27428.2027
MinimumVisualStudioVersion = 10.0.40219.1
Project("{FAE04EC0-301F-11D3-BF4B-00C04F79EFBC}") = "ClassVsStrut", "ClassVsStrut\ClassVsStrut.csproj", "{222B70A8-D3C7-48EE-91DB-6F8E883933C5}"
EndProject
Global
	GlobalSection(SolutionConfigurationPlatforms) = preSolution
		Debug|Any CPU = Debug|Any CPU
		Release|Any CPU = Release|Any CPU
	EndGlobalSection
	GlobalSection(ProjectConfigurationPlatforms) = postSolution
		{222B70A8-D3C7-48EE-91DB-6F8E883933C5}.Debug|Any CPU.ActiveCfg = Debug|Any CPU
		{222B70A8-D3C7-48EE-91DB-6F8E883933C5}.Debug|Any CPU.Build.0 = Debug|Any CPU
		{222B70A8-D3C7-48EE-91DB-6F8E883933C5}.Release|Any CPU.ActiveCfg = Release|Any CPU
		{222B70A8-D3C7-48EE-91DB-6F8E883933C5}.Release|Any CPU.Build.0 = Release|Any CPU
	EndGlobalSection
	GlobalSection(SolutionProperties) = preSolution
		HideSolutionNode = FALSE
	EndGlobalSection
	GlobalSection(ExtensibilityGlobals) = postSolution
		SolutionGuid = {66BC2ED2-49DD-4912-BDF7-4737264F7881}
	EndGlobalSection
EndGlobal
